
Microsoft Visual Studio Solution File, Format Version 12.00
# Visual Studio 15
VisualStudioVersion = 15.0.27130.2027
MinimumVisualStudioVersion = 10.0.40219.1
Project("{9A19103F-16F7-4668-BE54-9A1E7A4F7556}") = "TwitchLib.Extension", "TwitchLib.Extension\TwitchLib.Extension.csproj", "{3707BBF6-ED3D-4044-8110-6C2C5CBEFB56}"
EndProject
Project("{9A19103F-16F7-4668-BE54-9A1E7A4F7556}") = "TwitchLib.Extension.Core", "TwitchLib.Extension.Core\TwitchLib.Extension.Core.csproj", "{5ED18BCE-3A8B-4C7D-8A9A-4FB25BD241F3}"
EndProject
Global
	GlobalSection(SolutionConfigurationPlatforms) = preSolution
		Debug|Any CPU = Debug|Any CPU
		Release|Any CPU = Release|Any CPU
	EndGlobalSection
	GlobalSection(ProjectConfigurationPlatforms) = postSolution
		{3707BBF6-ED3D-4044-8110-6C2C5CBEFB56}.Debug|Any CPU.ActiveCfg = Debug|Any CPU
		{3707BBF6-ED3D-4044-8110-6C2C5CBEFB56}.Debug|Any CPU.Build.0 = Debug|Any CPU
		{3707BBF6-ED3D-4044-8110-6C2C5CBEFB56}.Release|Any CPU.ActiveCfg = Release|Any CPU
		{3707BBF6-ED3D-4044-8110-6C2C5CBEFB56}.Release|Any CPU.Build.0 = Release|Any CPU
		{5ED18BCE-3A8B-4C7D-8A9A-4FB25BD241F3}.Debug|Any CPU.ActiveCfg = Debug|Any CPU
		{5ED18BCE-3A8B-4C7D-8A9A-4FB25BD241F3}.Debug|Any CPU.Build.0 = Debug|Any CPU
		{5ED18BCE-3A8B-4C7D-8A9A-4FB25BD241F3}.Release|Any CPU.ActiveCfg = Release|Any CPU
		{5ED18BCE-3A8B-4C7D-8A9A-4FB25BD241F3}.Release|Any CPU.Build.0 = Release|Any CPU
	EndGlobalSection
	GlobalSection(SolutionProperties) = preSolution
		HideSolutionNode = FALSE
	EndGlobalSection
	GlobalSection(ExtensibilityGlobals) = postSolution
		SolutionGuid = {8E06B51D-BBC5-431C-A0FE-1B967CA5AB44}
	EndGlobalSection
EndGlobal
